Microsoft Visual Studio Solution File, Format Version 12.00
# Visual Studio 2013
Project("{8BC9CEB8-8B4A-11D0-8D11-00A0C91BC942}") = "ALL_BUILD", "ALL_BUILD.vcxproj", "{1DC52FFB-5EF9-3591-8A35-CDEAA67DF9FB}"
	ProjectSection(ProjectDependencies) = postProject
		{422FD3B4-388D-3A46-8126-9CF388AE5CCD} = {422FD3B4-388D-3A46-8126-9CF388AE5CCD}
		{A4A98008-9005-398A-94AE-92D7D5063DDA} = {A4A98008-9005-398A-94AE-92D7D5063DDA}
		{BBF28A1D-BB7C-3A53-891A-FBAB2C47D857} = {BBF28A1D-BB7C-3A53-891A-FBAB2C47D857}
		{BD6810A2-295A-357A-8145-61578286F453} = {BD6810A2-295A-357A-8145-61578286F453}
		{DD30B48E-1F9F-3AA2-9EAB-B2B34A066A2D} = {DD30B48E-1F9F-3AA2-9EAB-B2B34A066A2D}
		{5AB70A49-18CA-34D5-B695-710E5CE1AF3C} = {5AB70A49-18CA-34D5-B695-710E5CE1AF3C}
		{C9EAB797-9AC0-3B08-BDB2-DB779019133D} = {C9EAB797-9AC0-3B08-BDB2-DB779019133D}
		{C7E6BA29-71D4-3AAA-8FBD-A7D6B61C834F} = {C7E6BA29-71D4-3AAA-8FBD-A7D6B61C834F}
		{FA500935-C4C6-3632-BBBA-8F69D29F0F86} = {FA500935-C4C6-3632-BBBA-8F69D29F0F86}
		{69169049-A137-3399-A1E5-342758243629} = {69169049-A137-3399-A1E5-342758243629}
		{B7EFD180-5376-328F-9654-5569662A39CF} = {B7EFD180-5376-328F-9654-5569662A39CF}
		{7416F15F-2054-3155-93CE-DE39A0767141} = {7416F15F-2054-3155-93CE-DE39A0767141}
		{04AF902E-FFDE-351C-832D-222337EE52C3} = {04AF902E-FFDE-351C-832D-222337EE52C3}
		{2569BE68-6D9A-36D3-AAB9-F87A9FDD920E} = {2569BE68-6D9A-36D3-AAB9-F87A9FDD920E}
		{5F49842F-C514-325F-B1BB-DDE003502FC8} = {5F49842F-C514-325F-B1BB-DDE003502FC8}
		{67B39734-0174-3B11-8702-BFE6D13FE205} = {67B39734-0174-3B11-8702-BFE6D13FE205}
		{DD36051F-EFF6-32CE-B6B8-16DFCC4B78E8} = {DD36051F-EFF6-32CE-B6B8-16DFCC4B78E8}
		{81C7F7E5-10CD-36B6-A94A-52C79419CA88} = {81C7F7E5-10CD-36B6-A94A-52C79419CA88}
		{9B517080-9A81-3C27-92C1-1C44412CF061} = {9B517080-9A81-3C27-92C1-1C44412CF061}
		{7FFF536D-ABFB-3AC3-9E9B-569440A76D92} = {7FFF536D-ABFB-3AC3-9E9B-569440A76D92}
		{EC326FBC-ABC7-3449-84D2-07E86B0D3928} = {EC326FBC-ABC7-3449-84D2-07E86B0D3928}
		{F511F94D-0DD1-3585-9ACC-29816970DB98} = {F511F94D-0DD1-3585-9ACC-29816970DB98}
		{8E69A9DF-B23B-3059-BCDD-4C4868F810FD} = {8E69A9DF-B23B-3059-BCDD-4C4868F810FD}
		{649802B7-86A1-3015-9159-9FEFDBD8A3ED} = {649802B7-86A1-3015-9159-9FEFDBD8A3ED}
		{428EFE75-184A-3EFB-823E-78BE3AFF0658} = {428EFE75-184A-3EFB-823E-78BE3AFF0658}
		{9692B5AB-F002-3D1F-B419-A183F9F3CFB9} = {9692B5AB-F002-3D1F-B419-A183F9F3CFB9}
		{819F3389-94EA-383B-8D0A-1259F7D37696} = {819F3389-94EA-383B-8D0A-1259F7D37696}
		{8C0EE143-D929-364C-AD98-3C3C85615A0B} = {8C0EE143-D929-364C-AD98-3C3C85615A0B}
		{8B7E6C52-D9BF-30AB-BA3A-C7823B297FFF} = {8B7E6C52-D9BF-30AB-BA3A-C7823B297FFF}
		{28A35E9A-48B2-3AFB-9EDD-808557779301} = {28A35E9A-48B2-3AFB-9EDD-808557779301}
		{DF0B9ED5-88DB-30B6-809C-061EE142BEDC} = {DF0B9ED5-88DB-30B6-809C-061EE142BEDC}
		{995FDD49-ACCA-3753-A334-EEB26D391937} = {995FDD49-ACCA-3753-A334-EEB26D391937}
		{6D83ECA7-D663-3259-BA1E-5FE722BC1C1B} = {6D83ECA7-D663-3259-BA1E-5FE722BC1C1B}
		{837E285A-09F2-3B88-969C-D4993C98D3E4} = {837E285A-09F2-3B88-969C-D4993C98D3E4}
		{51EF0AD3-EAD2-3DDC-AAD9-840227D74271} = {51EF0AD3-EAD2-3DDC-AAD9-840227D74271}
		{7670F116-0825-38EA-8081-1BE55F7117AC} = {7670F116-0825-38EA-8081-1BE55F7117AC}
	EndProjectSection
EndProject
Project("{8BC9CEB8-8B4A-11D0-8D11-00A0C91BC942}") = "INSTALL", "INSTALL.vcxproj", "{282D0BB3-2537-34C4-8715-7E84468965F7}"
	ProjectSection(ProjectDependencies) = postProject
		{1DC52FFB-5EF9-3591-8A35-CDEAA67DF9FB} = {1DC52FFB-5EF9-3591-8A35-CDEAA67DF9FB}
		{422FD3B4-388D-3A46-8126-9CF388AE5CCD} = {422FD3B4-388D-3A46-8126-9CF388AE5CCD}
	EndProjectSection
EndProject
Project("{8BC9CEB8-8B4A-11D0-8D11-00A0C91BC942}") = "PACKAGE", "PACKAGE.vcxproj", "{A88F9ADC-BFF7-3347-8A84-1A559CD1C821}"
	ProjectSection(ProjectDependencies) = postProject
		{1DC52FFB-5EF9-3591-8A35-CDEAA67DF9FB} = {1DC52FFB-5EF9-3591-8A35-CDEAA67DF9FB}
		{422FD3B4-388D-3A46-8126-9CF388AE5CCD} = {422FD3B4-388D-3A46-8126-9CF388AE5CCD}
	EndProjectSection
EndProject
Project("{8BC9CEB8-8B4A-11D0-8D11-00A0C91BC942}") = "ZERO_CHECK", "ZERO_CHECK.vcxproj", "{422FD3B4-388D-3A46-8126-9CF388AE5CCD}"
	ProjectSection(ProjectDependencies) = postProject
	EndProjectSection
EndProject
Project("{8BC9CEB8-8B4A-11D0-8D11-00A0C91BC942}") = "blake2", "deps\blake2\blake2.vcxproj", "{A4A98008-9005-398A-94AE-92D7D5063DDA}"
	ProjectSection(ProjectDependencies) = postProject
		{422FD3B4-388D-3A46-8126-9CF388AE5CCD} = {422FD3B4-388D-3A46-8126-9CF388AE5CCD}
	EndProjectSection
EndProject
Project("{8BC9CEB8-8B4A-11D0-8D11-00A0C91BC942}") = "coreaudio-encoder", "plugins\coreaudio-encoder\coreaudio-encoder.vcxproj", "{BBF28A1D-BB7C-3A53-891A-FBAB2C47D857}"
	ProjectSection(ProjectDependencies) = postProject
		{422FD3B4-388D-3A46-8126-9CF388AE5CCD} = {422FD3B4-388D-3A46-8126-9CF388AE5CCD}
		{2569BE68-6D9A-36D3-AAB9-F87A9FDD920E} = {2569BE68-6D9A-36D3-AAB9-F87A9FDD920E}
	EndProjectSection
EndProject
Project("{8BC9CEB8-8B4A-11D0-8D11-00A0C91BC942}") = "ffmpeg-mux", "plugins\obs-ffmpeg\ffmpeg-mux\ffmpeg-mux.vcxproj", "{BD6810A2-295A-357A-8145-61578286F453}"
	ProjectSection(ProjectDependencies) = postProject
		{422FD3B4-388D-3A46-8126-9CF388AE5CCD} = {422FD3B4-388D-3A46-8126-9CF388AE5CCD}
	EndProjectSection
EndProject
Project("{8BC9CEB8-8B4A-11D0-8D11-00A0C91BC942}") = "file-updater", "deps\file-updater\file-updater.vcxproj", "{DD30B48E-1F9F-3AA2-9EAB-B2B34A066A2D}"
	ProjectSection(ProjectDependencies) = postProject
		{422FD3B4-388D-3A46-8126-9CF388AE5CCD} = {422FD3B4-388D-3A46-8126-9CF388AE5CCD}
		{2569BE68-6D9A-36D3-AAB9-F87A9FDD920E} = {2569BE68-6D9A-36D3-AAB9-F87A9FDD920E}
		{DF0B9ED5-88DB-30B6-809C-061EE142BEDC} = {DF0B9ED5-88DB-30B6-809C-061EE142BEDC}
	EndProjectSection
EndProject
Project("{8BC9CEB8-8B4A-11D0-8D11-00A0C91BC942}") = "frontend-tools", "UI\frontend-plugins\frontend-tools\frontend-tools.vcxproj", "{5AB70A49-18CA-34D5-B695-710E5CE1AF3C}"
	ProjectSection(ProjectDependencies) = postProject
		{422FD3B4-388D-3A46-8126-9CF388AE5CCD} = {422FD3B4-388D-3A46-8126-9CF388AE5CCD}
		{2569BE68-6D9A-36D3-AAB9-F87A9FDD920E} = {2569BE68-6D9A-36D3-AAB9-F87A9FDD920E}
		{F511F94D-0DD1-3585-9ACC-29816970DB98} = {F511F94D-0DD1-3585-9ACC-29816970DB98}
	EndProjectSection
EndProject
Project("{8BC9CEB8-8B4A-11D0-8D11-00A0C91BC942}") = "get-graphics-offsets", "plugins\win-capture\get-graphics-offsets\get-graphics-offsets.vcxproj", "{C9EAB797-9AC0-3B08-BDB2-DB779019133D}"
	ProjectSection(ProjectDependencies) = postProject
		{422FD3B4-388D-3A46-8126-9CF388AE5CCD} = {422FD3B4-388D-3A46-8126-9CF388AE5CCD}
	EndProjectSection
EndProject
Project("{8BC9CEB8-8B4A-11D0-8D11-00A0C91BC942}") = "glad", "deps\glad\glad.vcxproj", "{C7E6BA29-71D4-3AAA-8FBD-A7D6B61C834F}"
	ProjectSection(ProjectDependencies) = postProject
		{422FD3B4-388D-3A46-8126-9CF388AE5CCD} = {422FD3B4-388D-3A46-8126-9CF388AE5CCD}
	EndProjectSection
EndProject
Project("{8BC9CEB8-8B4A-11D0-8D11-00A0C91BC942}") = "graphics-hook", "plugins\win-capture\graphics-hook\graphics-hook.vcxproj", "{FA500935-C4C6-3632-BBBA-8F69D29F0F86}"
	ProjectSection(ProjectDependencies) = postProject
		{422FD3B4-388D-3A46-8126-9CF388AE5CCD} = {422FD3B4-388D-3A46-8126-9CF388AE5CCD}
		{7416F15F-2054-3155-93CE-DE39A0767141} = {7416F15F-2054-3155-93CE-DE39A0767141}
	EndProjectSection
EndProject
Project("{8BC9CEB8-8B4A-11D0-8D11-00A0C91BC942}") = "image-source", "plugins\image-source\image-source.vcxproj", "{69169049-A137-3399-A1E5-342758243629}"
	ProjectSection(ProjectDependencies) = postProject
		{422FD3B4-388D-3A46-8126-9CF388AE5CCD} = {422FD3B4-388D-3A46-8126-9CF388AE5CCD}
		{2569BE68-6D9A-36D3-AAB9-F87A9FDD920E} = {2569BE68-6D9A-36D3-AAB9-F87A9FDD920E}
		{DF0B9ED5-88DB-30B6-809C-061EE142BEDC} = {DF0B9ED5-88DB-30B6-809C-061EE142BEDC}
	EndProjectSection
EndProject
Project("{8BC9CEB8-8B4A-11D0-8D11-00A0C91BC942}") = "inject-helper", "plugins\win-capture\inject-helper\inject-helper.vcxproj", "{B7EFD180-5376-328F-9654-5569662A39CF}"
	ProjectSection(ProjectDependencies) = postProject
		{422FD3B4-388D-3A46-8126-9CF388AE5CCD} = {422FD3B4-388D-3A46-8126-9CF388AE5CCD}
	EndProjectSection
EndProject
Project("{8BC9CEB8-8B4A-11D0-8D11-00A0C91BC942}") = "ipc-util", "deps\ipc-util\ipc-util.vcxproj", "{7416F15F-2054-3155-93CE-DE39A0767141}"
	ProjectSection(ProjectDependencies) = postProject
		{422FD3B4-388D-3A46-8126-9CF388AE5CCD} = {422FD3B4-388D-3A46-8126-9CF388AE5CCD}
	EndProjectSection
EndProject
Project("{8BC9CEB8-8B4A-11D0-8D11-00A0C91BC942}") = "jansson", "deps\jansson\jansson.vcxproj", "{04AF902E-FFDE-351C-832D-222337EE52C3}"
	ProjectSection(ProjectDependencies) = postProject
		{422FD3B4-388D-3A46-8126-9CF388AE5CCD} = {422FD3B4-388D-3A46-8126-9CF388AE5CCD}
	EndProjectSection
EndProject
Project("{8BC9CEB8-8B4A-11D0-8D11-00A0C91BC942}") = "libobs", "libobs\libobs.vcxproj", "{2569BE68-6D9A-36D3-AAB9-F87A9FDD920E}"
	ProjectSection(ProjectDependencies) = postProject
		{422FD3B4-388D-3A46-8126-9CF388AE5CCD} = {422FD3B4-388D-3A46-8126-9CF388AE5CCD}
		{04AF902E-FFDE-351C-832D-222337EE52C3} = {04AF902E-FFDE-351C-832D-222337EE52C3}
		{DF0B9ED5-88DB-30B6-809C-061EE142BEDC} = {DF0B9ED5-88DB-30B6-809C-061EE142BEDC}
	EndProjectSection
EndProject
Project("{8BC9CEB8-8B4A-11D0-8D11-00A0C91BC942}") = "libobs-d3d11", "libobs-d3d11\libobs-d3d11.vcxproj", "{5F49842F-C514-325F-B1BB-DDE003502FC8}"
	ProjectSection(ProjectDependencies) = postProject
		{422FD3B4-388D-3A46-8126-9CF388AE5CCD} = {422FD3B4-388D-3A46-8126-9CF388AE5CCD}
		{2569BE68-6D9A-36D3-AAB9-F87A9FDD920E} = {2569BE68-6D9A-36D3-AAB9-F87A9FDD920E}
	EndProjectSection
EndProject
Project("{8BC9CEB8-8B4A-11D0-8D11-00A0C91BC942}") = "libobs-opengl", "libobs-opengl\libobs-opengl.vcxproj", "{67B39734-0174-3B11-8702-BFE6D13FE205}"
	ProjectSection(ProjectDependencies) = postProject
		{422FD3B4-388D-3A46-8126-9CF388AE5CCD} = {422FD3B4-388D-3A46-8126-9CF388AE5CCD}
		{C7E6BA29-71D4-3AAA-8FBD-A7D6B61C834F} = {C7E6BA29-71D4-3AAA-8FBD-A7D6B61C834F}
		{2569BE68-6D9A-36D3-AAB9-F87A9FDD920E} = {2569BE68-6D9A-36D3-AAB9-F87A9FDD920E}
	EndProjectSection
EndProject
Project("{8BC9CEB8-8B4A-11D0-8D11-00A0C91BC942}") = "lzma", "deps\lzma\lzma.vcxproj", "{DD36051F-EFF6-32CE-B6B8-16DFCC4B78E8}"
	ProjectSection(ProjectDependencies) = postProject
		{422FD3B4-388D-3A46-8126-9CF388AE5CCD} = {422FD3B4-388D-3A46-8126-9CF388AE5CCD}
	EndProjectSection
EndProject
Project("{8BC9CEB8-8B4A-11D0-8D11-00A0C91BC942}") = "media-playback", "deps\media-playback\media-playback.vcxproj", "{81C7F7E5-10CD-36B6-A94A-52C79419CA88}"
	ProjectSection(ProjectDependencies) = postProject
		{422FD3B4-388D-3A46-8126-9CF388AE5CCD} = {422FD3B4-388D-3A46-8126-9CF388AE5CCD}
	EndProjectSection
EndProject
Project("{8BC9CEB8-8B4A-11D0-8D11-00A0C91BC942}") = "obs", "UI\obs.vcxproj", "{9B517080-9A81-3C27-92C1-1C44412CF061}"
	ProjectSection(ProjectDependencies) = postProject
		{422FD3B4-388D-3A46-8126-9CF388AE5CCD} = {422FD3B4-388D-3A46-8126-9CF388AE5CCD}
		{A4A98008-9005-398A-94AE-92D7D5063DDA} = {A4A98008-9005-398A-94AE-92D7D5063DDA}
		{04AF902E-FFDE-351C-832D-222337EE52C3} = {04AF902E-FFDE-351C-832D-222337EE52C3}
		{2569BE68-6D9A-36D3-AAB9-F87A9FDD920E} = {2569BE68-6D9A-36D3-AAB9-F87A9FDD920E}
		{F511F94D-0DD1-3585-9ACC-29816970DB98} = {F511F94D-0DD1-3585-9ACC-29816970DB98}
	EndProjectSection
EndProject
Project("{8BC9CEB8-8B4A-11D0-8D11-00A0C91BC942}") = "obs-ffmpeg", "plugins\obs-ffmpeg\obs-ffmpeg.vcxproj", "{7FFF536D-ABFB-3AC3-9E9B-569440A76D92}"
	ProjectSection(ProjectDependencies) = postProject
		{422FD3B4-388D-3A46-8126-9CF388AE5CCD} = {422FD3B4-388D-3A46-8126-9CF388AE5CCD}
		{2569BE68-6D9A-36D3-AAB9-F87A9FDD920E} = {2569BE68-6D9A-36D3-AAB9-F87A9FDD920E}
		{81C7F7E5-10CD-36B6-A94A-52C79419CA88} = {81C7F7E5-10CD-36B6-A94A-52C79419CA88}
		{DF0B9ED5-88DB-30B6-809C-061EE142BEDC} = {DF0B9ED5-88DB-30B6-809C-061EE142BEDC}
	EndProjectSection
EndProject
Project("{8BC9CEB8-8B4A-11D0-8D11-00A0C91BC942}") = "obs-filters", "plugins\obs-filters\obs-filters.vcxproj", "{EC326FBC-ABC7-3449-84D2-07E86B0D3928}"
	ProjectSection(ProjectDependencies) = postProject
		{422FD3B4-388D-3A46-8126-9CF388AE5CCD} = {422FD3B4-388D-3A46-8126-9CF388AE5CCD}
		{2569BE68-6D9A-36D3-AAB9-F87A9FDD920E} = {2569BE68-6D9A-36D3-AAB9-F87A9FDD920E}
	EndProjectSection
EndProject
Project("{8BC9CEB8-8B4A-11D0-8D11-00A0C91BC942}") = "obs-frontend-api", "UI\obs-frontend-api\obs-frontend-api.vcxproj", "{F511F94D-0DD1-3585-9ACC-29816970DB98}"
	ProjectSection(ProjectDependencies) = postProject
		{422FD3B4-388D-3A46-8126-9CF388AE5CCD} = {422FD3B4-388D-3A46-8126-9CF388AE5CCD}
		{2569BE68-6D9A-36D3-AAB9-F87A9FDD920E} = {2569BE68-6D9A-36D3-AAB9-F87A9FDD920E}
	EndProjectSection
EndProject
Project("{8BC9CEB8-8B4A-11D0-8D11-00A0C91BC942}") = "obs-outputs", "plugins\obs-outputs\obs-outputs.vcxproj", "{8E69A9DF-B23B-3059-BCDD-4C4868F810FD}"
	ProjectSection(ProjectDependencies) = postProject
		{422FD3B4-388D-3A46-8126-9CF388AE5CCD} = {422FD3B4-388D-3A46-8126-9CF388AE5CCD}
		{04AF902E-FFDE-351C-832D-222337EE52C3} = {04AF902E-FFDE-351C-832D-222337EE52C3}
		{2569BE68-6D9A-36D3-AAB9-F87A9FDD920E} = {2569BE68-6D9A-36D3-AAB9-F87A9FDD920E}
		{DF0B9ED5-88DB-30B6-809C-061EE142BEDC} = {DF0B9ED5-88DB-30B6-809C-061EE142BEDC}
	EndProjectSection
EndProject
Project("{8BC9CEB8-8B4A-11D0-8D11-00A0C91BC942}") = "obs-qsv11", "plugins\obs-qsv11\obs-qsv11.vcxproj", "{649802B7-86A1-3015-9159-9FEFDBD8A3ED}"
	ProjectSection(ProjectDependencies) = postProject
		{422FD3B4-388D-3A46-8126-9CF388AE5CCD} = {422FD3B4-388D-3A46-8126-9CF388AE5CCD}
		{2569BE68-6D9A-36D3-AAB9-F87A9FDD920E} = {2569BE68-6D9A-36D3-AAB9-F87A9FDD920E}
	EndProjectSection
EndProject
Project("{8BC9CEB8-8B4A-11D0-8D11-00A0C91BC942}") = "obs-text", "plugins\obs-text\obs-text.vcxproj", "{428EFE75-184A-3EFB-823E-78BE3AFF0658}"
	ProjectSection(ProjectDependencies) = postProject
		{422FD3B4-388D-3A46-8126-9CF388AE5CCD} = {422FD3B4-388D-3A46-8126-9CF388AE5CCD}
		{2569BE68-6D9A-36D3-AAB9-F87A9FDD920E} = {2569BE68-6D9A-36D3-AAB9-F87A9FDD920E}
	EndProjectSection
EndProject
Project("{8BC9CEB8-8B4A-11D0-8D11-00A0C91BC942}") = "obs-transitions", "plugins\obs-transitions\obs-transitions.vcxproj", "{9692B5AB-F002-3D1F-B419-A183F9F3CFB9}"
	ProjectSection(ProjectDependencies) = postProject
		{422FD3B4-388D-3A46-8126-9CF388AE5CCD} = {422FD3B4-388D-3A46-8126-9CF388AE5CCD}
		{2569BE68-6D9A-36D3-AAB9-F87A9FDD920E} = {2569BE68-6D9A-36D3-AAB9-F87A9FDD920E}
	EndProjectSection
EndProject
Project("{8BC9CEB8-8B4A-11D0-8D11-00A0C91BC942}") = "obs-vst", "plugins\obs-vst\obs-vst.vcxproj", "{819F3389-94EA-383B-8D0A-1259F7D37696}"
	ProjectSection(ProjectDependencies) = postProject
		{422FD3B4-388D-3A46-8126-9CF388AE5CCD} = {422FD3B4-388D-3A46-8126-9CF388AE5CCD}
		{2569BE68-6D9A-36D3-AAB9-F87A9FDD920E} = {2569BE68-6D9A-36D3-AAB9-F87A9FDD920E}
	EndProjectSection
EndProject
Project("{8BC9CEB8-8B4A-11D0-8D11-00A0C91BC942}") = "obs-x264", "plugins\obs-x264\obs-x264.vcxproj", "{8C0EE143-D929-364C-AD98-3C3C85615A0B}"
	ProjectSection(ProjectDependencies) = postProject
		{422FD3B4-388D-3A46-8126-9CF388AE5CCD} = {422FD3B4-388D-3A46-8126-9CF388AE5CCD}
		{2569BE68-6D9A-36D3-AAB9-F87A9FDD920E} = {2569BE68-6D9A-36D3-AAB9-F87A9FDD920E}
	EndProjectSection
EndProject
Project("{8BC9CEB8-8B4A-11D0-8D11-00A0C91BC942}") = "rtmp-services", "plugins\rtmp-services\rtmp-services.vcxproj", "{8B7E6C52-D9BF-30AB-BA3A-C7823B297FFF}"
	ProjectSection(ProjectDependencies) = postProject
		{422FD3B4-388D-3A46-8126-9CF388AE5CCD} = {422FD3B4-388D-3A46-8126-9CF388AE5CCD}
		{DD30B48E-1F9F-3AA2-9EAB-B2B34A066A2D} = {DD30B48E-1F9F-3AA2-9EAB-B2B34A066A2D}
		{04AF902E-FFDE-351C-832D-222337EE52C3} = {04AF902E-FFDE-351C-832D-222337EE52C3}
		{2569BE68-6D9A-36D3-AAB9-F87A9FDD920E} = {2569BE68-6D9A-36D3-AAB9-F87A9FDD920E}
		{DF0B9ED5-88DB-30B6-809C-061EE142BEDC} = {DF0B9ED5-88DB-30B6-809C-061EE142BEDC}
	EndProjectSection
EndProject
Project("{8BC9CEB8-8B4A-11D0-8D11-00A0C91BC942}") = "text-freetype2", "plugins\text-freetype2\text-freetype2.vcxproj", "{28A35E9A-48B2-3AFB-9EDD-808557779301}"
	ProjectSection(ProjectDependencies) = postProject
		{422FD3B4-388D-3A46-8126-9CF388AE5CCD} = {422FD3B4-388D-3A46-8126-9CF388AE5CCD}
		{2569BE68-6D9A-36D3-AAB9-F87A9FDD920E} = {2569BE68-6D9A-36D3-AAB9-F87A9FDD920E}
	EndProjectSection
EndProject
Project("{8BC9CEB8-8B4A-11D0-8D11-00A0C91BC942}") = "w32-pthreads", "deps\w32-pthreads\w32-pthreads.vcxproj", "{DF0B9ED5-88DB-30B6-809C-061EE142BEDC}"
	ProjectSection(ProjectDependencies) = postProject
		{422FD3B4-388D-3A46-8126-9CF388AE5CCD} = {422FD3B4-388D-3A46-8126-9CF388AE5CCD}
	EndProjectSection
EndProject
Project("{8BC9CEB8-8B4A-11D0-8D11-00A0C91BC942}") = "win-capture", "plugins\win-capture\win-capture.vcxproj", "{995FDD49-ACCA-3753-A334-EEB26D391937}"
	ProjectSection(ProjectDependencies) = postProject
		{422FD3B4-388D-3A46-8126-9CF388AE5CCD} = {422FD3B4-388D-3A46-8126-9CF388AE5CCD}
		{7416F15F-2054-3155-93CE-DE39A0767141} = {7416F15F-2054-3155-93CE-DE39A0767141}
		{2569BE68-6D9A-36D3-AAB9-F87A9FDD920E} = {2569BE68-6D9A-36D3-AAB9-F87A9FDD920E}
	EndProjectSection
EndProject
Project("{8BC9CEB8-8B4A-11D0-8D11-00A0C91BC942}") = "win-decklink", "plugins\decklink\win\win-decklink.vcxproj", "{6D83ECA7-D663-3259-BA1E-5FE722BC1C1B}"
	ProjectSection(ProjectDependencies) = postProject
		{422FD3B4-388D-3A46-8126-9CF388AE5CCD} = {422FD3B4-388D-3A46-8126-9CF388AE5CCD}
		{2569BE68-6D9A-36D3-AAB9-F87A9FDD920E} = {2569BE68-6D9A-36D3-AAB9-F87A9FDD920E}
	EndProjectSection
EndProject
Project("{8BC9CEB8-8B4A-11D0-8D11-00A0C91BC942}") = "win-dshow", "plugins\win-dshow\win-dshow.vcxproj", "{837E285A-09F2-3B88-969C-D4993C98D3E4}"
	ProjectSection(ProjectDependencies) = postProject
		{422FD3B4-388D-3A46-8126-9CF388AE5CCD} = {422FD3B4-388D-3A46-8126-9CF388AE5CCD}
		{2569BE68-6D9A-36D3-AAB9-F87A9FDD920E} = {2569BE68-6D9A-36D3-AAB9-F87A9FDD920E}
	EndProjectSection
EndProject
Project("{8BC9CEB8-8B4A-11D0-8D11-00A0C91BC942}") = "win-mf", "plugins\win-mf\win-mf.vcxproj", "{51EF0AD3-EAD2-3DDC-AAD9-840227D74271}"
	ProjectSection(ProjectDependencies) = postProject
		{422FD3B4-388D-3A46-8126-9CF388AE5CCD} = {422FD3B4-388D-3A46-8126-9CF388AE5CCD}
		{2569BE68-6D9A-36D3-AAB9-F87A9FDD920E} = {2569BE68-6D9A-36D3-AAB9-F87A9FDD920E}
	EndProjectSection
EndProject
Project("{8BC9CEB8-8B4A-11D0-8D11-00A0C91BC942}") = "win-wasapi", "plugins\win-wasapi\win-wasapi.vcxproj", "{7670F116-0825-38EA-8081-1BE55F7117AC}"
	ProjectSection(ProjectDependencies) = postProject
		{422FD3B4-388D-3A46-8126-9CF388AE5CCD} = {422FD3B4-388D-3A46-8126-9CF388AE5CCD}
		{2569BE68-6D9A-36D3-AAB9-F87A9FDD920E} = {2569BE68-6D9A-36D3-AAB9-F87A9FDD920E}
	EndProjectSection
EndProject
Global
	GlobalSection(SolutionConfigurationPlatforms) = preSolution
		Debug|Win32 = Debug|Win32
		Release|Win32 = Release|Win32
		MinSizeRel|Win32 = MinSizeRel|Win32
		RelWithDebInfo|Win32 = RelWithDebInfo|Win32
	EndGlobalSection
	GlobalSection(ProjectConfigurationPlatforms) = postSolution
		{1DC52FFB-5EF9-3591-8A35-CDEAA67DF9FB}.Debug|Win32.ActiveCfg = Debug|Win32
		{1DC52FFB-5EF9-3591-8A35-CDEAA67DF9FB}.Debug|Win32.Build.0 = Debug|Win32
		{1DC52FFB-5EF9-3591-8A35-CDEAA67DF9FB}.Release|Win32.ActiveCfg = Release|Win32
		{1DC52FFB-5EF9-3591-8A35-CDEAA67DF9FB}.Release|Win32.Build.0 = Release|Win32
		{1DC52FFB-5EF9-3591-8A35-CDEAA67DF9FB}.MinSizeRel|Win32.ActiveCfg = MinSizeRel|Win32
		{1DC52FFB-5EF9-3591-8A35-CDEAA67DF9FB}.MinSizeRel|Win32.Build.0 = MinSizeRel|Win32
		{1DC52FFB-5EF9-3591-8A35-CDEAA67DF9FB}.RelWithDebInfo|Win32.ActiveCfg = RelWithDebInfo|Win32
		{1DC52FFB-5EF9-3591-8A35-CDEAA67DF9FB}.RelWithDebInfo|Win32.Build.0 = RelWithDebInfo|Win32
		{282D0BB3-2537-34C4-8715-7E84468965F7}.Debug|Win32.ActiveCfg = Debug|Win32
		{282D0BB3-2537-34C4-8715-7E84468965F7}.Release|Win32.ActiveCfg = Release|Win32
		{282D0BB3-2537-34C4-8715-7E84468965F7}.MinSizeRel|Win32.ActiveCfg = MinSizeRel|Win32
		{282D0BB3-2537-34C4-8715-7E84468965F7}.RelWithDebInfo|Win32.ActiveCfg = RelWithDebInfo|Win32
		{A88F9ADC-BFF7-3347-8A84-1A559CD1C821}.Debug|Win32.ActiveCfg = Debug|Win32
		{A88F9ADC-BFF7-3347-8A84-1A559CD1C821}.Release|Win32.ActiveCfg = Release|Win32
		{A88F9ADC-BFF7-3347-8A84-1A559CD1C821}.MinSizeRel|Win32.ActiveCfg = MinSizeRel|Win32
		{A88F9ADC-BFF7-3347-8A84-1A559CD1C821}.RelWithDebInfo|Win32.ActiveCfg = RelWithDebInfo|Win32
		{422FD3B4-388D-3A46-8126-9CF388AE5CCD}.Debug|Win32.ActiveCfg = Debug|Win32
		{422FD3B4-388D-3A46-8126-9CF388AE5CCD}.Debug|Win32.Build.0 = Debug|Win32
		{422FD3B4-388D-3A46-8126-9CF388AE5CCD}.Release|Win32.ActiveCfg = Release|Win32
		{422FD3B4-388D-3A46-8126-9CF388AE5CCD}.Release|Win32.Build.0 = Release|Win32
		{422FD3B4-388D-3A46-8126-9CF388AE5CCD}.MinSizeRel|Win32.ActiveCfg = MinSizeRel|Win32
		{422FD3B4-388D-3A46-8126-9CF388AE5CCD}.MinSizeRel|Win32.Build.0 = MinSizeRel|Win32
		{422FD3B4-388D-3A46-8126-9CF388AE5CCD}.RelWithDebInfo|Win32.ActiveCfg = RelWithDebInfo|Win32
		{422FD3B4-388D-3A46-8126-9CF388AE5CCD}.RelWithDebInfo|Win32.Build.0 = RelWithDebInfo|Win32
		{A4A98008-9005-398A-94AE-92D7D5063DDA}.Debug|Win32.ActiveCfg = Debug|Win32
		{A4A98008-9005-398A-94AE-92D7D5063DDA}.Debug|Win32.Build.0 = Debug|Win32
		{A4A98008-9005-398A-94AE-92D7D5063DDA}.Release|Win32.ActiveCfg = Release|Win32
		{A4A98008-9005-398A-94AE-92D7D5063DDA}.Release|Win32.Build.0 = Release|Win32
		{A4A98008-9005-398A-94AE-92D7D5063DDA}.MinSizeRel|Win32.ActiveCfg = MinSizeRel|Win32
		{A4A98008-9005-398A-94AE-92D7D5063DDA}.MinSizeRel|Win32.Build.0 = MinSizeRel|Win32
		{A4A98008-9005-398A-94AE-92D7D5063DDA}.RelWithDebInfo|Win32.ActiveCfg = RelWithDebInfo|Win32
		{A4A98008-9005-398A-94AE-92D7D5063DDA}.RelWithDebInfo|Win32.Build.0 = RelWithDebInfo|Win32
		{BBF28A1D-BB7C-3A53-891A-FBAB2C47D857}.Debug|Win32.ActiveCfg = Debug|Win32
		{BBF28A1D-BB7C-3A53-891A-FBAB2C47D857}.Debug|Win32.Build.0 = Debug|Win32
		{BBF28A1D-BB7C-3A53-891A-FBAB2C47D857}.Release|Win32.ActiveCfg = Release|Win32
		{BBF28A1D-BB7C-3A53-891A-FBAB2C47D857}.Release|Win32.Build.0 = Release|Win32
		{BBF28A1D-BB7C-3A53-891A-FBAB2C47D857}.MinSizeRel|Win32.ActiveCfg = MinSizeRel|Win32
		{BBF28A1D-BB7C-3A53-891A-FBAB2C47D857}.MinSizeRel|Win32.Build.0 = MinSizeRel|Win32
		{BBF28A1D-BB7C-3A53-891A-FBAB2C47D857}.RelWithDebInfo|Win32.ActiveCfg = RelWithDebInfo|Win32
		{BBF28A1D-BB7C-3A53-891A-FBAB2C47D857}.RelWithDebInfo|Win32.Build.0 = RelWithDebInfo|Win32
		{BD6810A2-295A-357A-8145-61578286F453}.Debug|Win32.ActiveCfg = Debug|Win32
		{BD6810A2-295A-357A-8145-61578286F453}.Debug|Win32.Build.0 = Debug|Win32
		{BD6810A2-295A-357A-8145-61578286F453}.Release|Win32.ActiveCfg = Release|Win32
		{BD6810A2-295A-357A-8145-61578286F453}.Release|Win32.Build.0 = Release|Win32
		{BD6810A2-295A-357A-8145-61578286F453}.MinSizeRel|Win32.ActiveCfg = MinSizeRel|Win32
		{BD6810A2-295A-357A-8145-61578286F453}.MinSizeRel|Win32.Build.0 = MinSizeRel|Win32
		{BD6810A2-295A-357A-8145-61578286F453}.RelWithDebInfo|Win32.ActiveCfg = RelWithDebInfo|Win32
		{BD6810A2-295A-357A-8145-61578286F453}.RelWithDebInfo|Win32.Build.0 = RelWithDebInfo|Win32
		{DD30B48E-1F9F-3AA2-9EAB-B2B34A066A2D}.Debug|Win32.ActiveCfg = Debug|Win32
		{DD30B48E-1F9F-3AA2-9EAB-B2B34A066A2D}.Debug|Win32.Build.0 = Debug|Win32
		{DD30B48E-1F9F-3AA2-9EAB-B2B34A066A2D}.Release|Win32.ActiveCfg = Release|Win32
		{DD30B48E-1F9F-3AA2-9EAB-B2B34A066A2D}.Release|Win32.Build.0 = Release|Win32
		{DD30B48E-1F9F-3AA2-9EAB-B2B34A066A2D}.MinSizeRel|Win32.ActiveCfg = MinSizeRel|Win32
		{DD30B48E-1F9F-3AA2-9EAB-B2B34A066A2D}.MinSizeRel|Win32.Build.0 = MinSizeRel|Win32
		{DD30B48E-1F9F-3AA2-9EAB-B2B34A066A2D}.RelWithDebInfo|Win32.ActiveCfg = RelWithDebInfo|Win32
		{DD30B48E-1F9F-3AA2-9EAB-B2B34A066A2D}.RelWithDebInfo|Win32.Build.0 = RelWithDebInfo|Win32
		{5AB70A49-18CA-34D5-B695-710E5CE1AF3C}.Debug|Win32.ActiveCfg = Debug|Win32
		{5AB70A49-18CA-34D5-B695-710E5CE1AF3C}.Debug|Win32.Build.0 = Debug|Win32
		{5AB70A49-18CA-34D5-B695-710E5CE1AF3C}.Release|Win32.ActiveCfg = Release|Win32
		{5AB70A49-18CA-34D5-B695-710E5CE1AF3C}.Release|Win32.Build.0 = Release|Win32
		{5AB70A49-18CA-34D5-B695-710E5CE1AF3C}.MinSizeRel|Win32.ActiveCfg = MinSizeRel|Win32
		{5AB70A49-18CA-34D5-B695-710E5CE1AF3C}.MinSizeRel|Win32.Build.0 = MinSizeRel|Win32
		{5AB70A49-18CA-34D5-B695-710E5CE1AF3C}.RelWithDebInfo|Win32.ActiveCfg = RelWithDebInfo|Win32
		{5AB70A49-18CA-34D5-B695-710E5CE1AF3C}.RelWithDebInfo|Win32.Build.0 = RelWithDebInfo|Win32
		{C9EAB797-9AC0-3B08-BDB2-DB779019133D}.Debug|Win32.ActiveCfg = Debug|Win32
		{C9EAB797-9AC0-3B08-BDB2-DB779019133D}.Debug|Win32.Build.0 = Debug|Win32
		{C9EAB797-9AC0-3B08-BDB2-DB779019133D}.Release|Win32.ActiveCfg = Release|Win32
		{C9EAB797-9AC0-3B08-BDB2-DB779019133D}.Release|Win32.Build.0 = Release|Win32
		{C9EAB797-9AC0-3B08-BDB2-DB779019133D}.MinSizeRel|Win32.ActiveCfg = MinSizeRel|Win32
		{C9EAB797-9AC0-3B08-BDB2-DB779019133D}.MinSizeRel|Win32.Build.0 = MinSizeRel|Win32
		{C9EAB797-9AC0-3B08-BDB2-DB779019133D}.RelWithDebInfo|Win32.ActiveCfg = RelWithDebInfo|Win32
		{C9EAB797-9AC0-3B08-BDB2-DB779019133D}.RelWithDebInfo|Win32.Build.0 = RelWithDebInfo|Win32
		{C7E6BA29-71D4-3AAA-8FBD-A7D6B61C834F}.Debug|Win32.ActiveCfg = Debug|Win32
		{C7E6BA29-71D4-3AAA-8FBD-A7D6B61C834F}.Debug|Win32.Build.0 = Debug|Win32
		{C7E6BA29-71D4-3AAA-8FBD-A7D6B61C834F}.Release|Win32.ActiveCfg = Release|Win32
		{C7E6BA29-71D4-3AAA-8FBD-A7D6B61C834F}.Release|Win32.Build.0 = Release|Win32
		{C7E6BA29-71D4-3AAA-8FBD-A7D6B61C834F}.MinSizeRel|Win32.ActiveCfg = MinSizeRel|Win32
		{C7E6BA29-71D4-3AAA-8FBD-A7D6B61C834F}.MinSizeRel|Win32.Build.0 = MinSizeRel|Win32
		{C7E6BA29-71D4-3AAA-8FBD-A7D6B61C834F}.RelWithDebInfo|Win32.ActiveCfg = RelWithDebInfo|Win32
		{C7E6BA29-71D4-3AAA-8FBD-A7D6B61C834F}.RelWithDebInfo|Win32.Build.0 = RelWithDebInfo|Win32
		{FA500935-C4C6-3632-BBBA-8F69D29F0F86}.Debug|Win32.ActiveCfg = Debug|Win32
		{FA500935-C4C6-3632-BBBA-8F69D29F0F86}.Debug|Win32.Build.0 = Debug|Win32
		{FA500935-C4C6-3632-BBBA-8F69D29F0F86}.Release|Win32.ActiveCfg = Release|Win32
		{FA500935-C4C6-3632-BBBA-8F69D29F0F86}.Release|Win32.Build.0 = Release|Win32
		{FA500935-C4C6-3632-BBBA-8F69D29F0F86}.MinSizeRel|Win32.ActiveCfg = MinSizeRel|Win32
		{FA500935-C4C6-3632-BBBA-8F69D29F0F86}.MinSizeRel|Win32.Build.0 = MinSizeRel|Win32
		{FA500935-C4C6-3632-BBBA-8F69D29F0F86}.RelWithDebInfo|Win32.ActiveCfg = RelWithDebInfo|Win32
		{FA500935-C4C6-3632-BBBA-8F69D29F0F86}.RelWithDebInfo|Win32.Build.0 = RelWithDebInfo|Win32
		{69169049-A137-3399-A1E5-342758243629}.Debug|Win32.ActiveCfg = Debug|Win32
		{69169049-A137-3399-A1E5-342758243629}.Debug|Win32.Build.0 = Debug|Win32
		{69169049-A137-3399-A1E5-342758243629}.Release|Win32.ActiveCfg = Release|Win32
		{69169049-A137-3399-A1E5-342758243629}.Release|Win32.Build.0 = Release|Win32
		{69169049-A137-3399-A1E5-342758243629}.MinSizeRel|Win32.ActiveCfg = MinSizeRel|Win32
		{69169049-A137-3399-A1E5-342758243629}.MinSizeRel|Win32.Build.0 = MinSizeRel|Win32
		{69169049-A137-3399-A1E5-342758243629}.RelWithDebInfo|Win32.ActiveCfg = RelWithDebInfo|Win32
		{69169049-A137-3399-A1E5-342758243629}.RelWithDebInfo|Win32.Build.0 = RelWithDebInfo|Win32
		{B7EFD180-5376-328F-9654-5569662A39CF}.Debug|Win32.ActiveCfg = Debug|Win32
		{B7EFD180-5376-328F-9654-5569662A39CF}.Debug|Win32.Build.0 = Debug|Win32
		{B7EFD180-5376-328F-9654-5569662A39CF}.Release|Win32.ActiveCfg = Release|Win32
		{B7EFD180-5376-328F-9654-5569662A39CF}.Release|Win32.Build.0 = Release|Win32
		{B7EFD180-5376-328F-9654-5569662A39CF}.MinSizeRel|Win32.ActiveCfg = MinSizeRel|Win32
		{B7EFD180-5376-328F-9654-5569662A39CF}.MinSizeRel|Win32.Build.0 = MinSizeRel|Win32
		{B7EFD180-5376-328F-9654-5569662A39CF}.RelWithDebInfo|Win32.ActiveCfg = RelWithDebInfo|Win32
		{B7EFD180-5376-328F-9654-5569662A39CF}.RelWithDebInfo|Win32.Build.0 = RelWithDebInfo|Win32
		{7416F15F-2054-3155-93CE-DE39A0767141}.Debug|Win32.ActiveCfg = Debug|Win32
		{7416F15F-2054-3155-93CE-DE39A0767141}.Debug|Win32.Build.0 = Debug|Win32
		{7416F15F-2054-3155-93CE-DE39A0767141}.Release|Win32.ActiveCfg = Release|Win32
		{7416F15F-2054-3155-93CE-DE39A0767141}.Release|Win32.Build.0 = Release|Win32
		{7416F15F-2054-3155-93CE-DE39A0767141}.MinSizeRel|Win32.ActiveCfg = MinSizeRel|Win32
		{7416F15F-2054-3155-93CE-DE39A0767141}.MinSizeRel|Win32.Build.0 = MinSizeRel|Win32
		{7416F15F-2054-3155-93CE-DE39A0767141}.RelWithDebInfo|Win32.ActiveCfg = RelWithDebInfo|Win32
		{7416F15F-2054-3155-93CE-DE39A0767141}.RelWithDebInfo|Win32.Build.0 = RelWithDebInfo|Win32
		{04AF902E-FFDE-351C-832D-222337EE52C3}.Debug|Win32.ActiveCfg = Debug|Win32
		{04AF902E-FFDE-351C-832D-222337EE52C3}.Debug|Win32.Build.0 = Debug|Win32
		{04AF902E-FFDE-351C-832D-222337EE52C3}.Release|Win32.ActiveCfg = Release|Win32
		{04AF902E-FFDE-351C-832D-222337EE52C3}.Release|Win32.Build.0 = Release|Win32
		{04AF902E-FFDE-351C-832D-222337EE52C3}.MinSizeRel|Win32.ActiveCfg = MinSizeRel|Win32
		{04AF902E-FFDE-351C-832D-222337EE52C3}.MinSizeRel|Win32.Build.0 = MinSizeRel|Win32
		{04AF902E-FFDE-351C-832D-222337EE52C3}.RelWithDebInfo|Win32.ActiveCfg = RelWithDebInfo|Win32
		{04AF902E-FFDE-351C-832D-222337EE52C3}.RelWithDebInfo|Win32.Build.0 = RelWithDebInfo|Win32
		{2569BE68-6D9A-36D3-AAB9-F87A9FDD920E}.Debug|Win32.ActiveCfg = Debug|Win32
		{2569BE68-6D9A-36D3-AAB9-F87A9FDD920E}.Debug|Win32.Build.0 = Debug|Win32
		{2569BE68-6D9A-36D3-AAB9-F87A9FDD920E}.Release|Win32.ActiveCfg = Release|Win32
		{2569BE68-6D9A-36D3-AAB9-F87A9FDD920E}.Release|Win32.Build.0 = Release|Win32
		{2569BE68-6D9A-36D3-AAB9-F87A9FDD920E}.MinSizeRel|Win32.ActiveCfg = MinSizeRel|Win32
		{2569BE68-6D9A-36D3-AAB9-F87A9FDD920E}.MinSizeRel|Win32.Build.0 = MinSizeRel|Win32
		{2569BE68-6D9A-36D3-AAB9-F87A9FDD920E}.RelWithDebInfo|Win32.ActiveCfg = RelWithDebInfo|Win32
		{2569BE68-6D9A-36D3-AAB9-F87A9FDD920E}.RelWithDebInfo|Win32.Build.0 = RelWithDebInfo|Win32
		{5F49842F-C514-325F-B1BB-DDE003502FC8}.Debug|Win32.ActiveCfg = Debug|Win32
		{5F49842F-C514-325F-B1BB-DDE003502FC8}.Debug|Win32.Build.0 = Debug|Win32
		{5F49842F-C514-325F-B1BB-DDE003502FC8}.Release|Win32.ActiveCfg = Release|Win32
		{5F49842F-C514-325F-B1BB-DDE003502FC8}.Release|Win32.Build.0 = Release|Win32
		{5F49842F-C514-325F-B1BB-DDE003502FC8}.MinSizeRel|Win32.ActiveCfg = MinSizeRel|Win32
		{5F49842F-C514-325F-B1BB-DDE003502FC8}.MinSizeRel|Win32.Build.0 = MinSizeRel|Win32
		{5F49842F-C514-325F-B1BB-DDE003502FC8}.RelWithDebInfo|Win32.ActiveCfg = RelWithDebInfo|Win32
		{5F49842F-C514-325F-B1BB-DDE003502FC8}.RelWithDebInfo|Win32.Build.0 = RelWithDebInfo|Win32
		{67B39734-0174-3B11-8702-BFE6D13FE205}.Debug|Win32.ActiveCfg = Debug|Win32
		{67B39734-0174-3B11-8702-BFE6D13FE205}.Debug|Win32.Build.0 = Debug|Win32
		{67B39734-0174-3B11-8702-BFE6D13FE205}.Release|Win32.ActiveCfg = Release|Win32
		{67B39734-0174-3B11-8702-BFE6D13FE205}.Release|Win32.Build.0 = Release|Win32
		{67B39734-0174-3B11-8702-BFE6D13FE205}.MinSizeRel|Win32.ActiveCfg = MinSizeRel|Win32
		{67B39734-0174-3B11-8702-BFE6D13FE205}.MinSizeRel|Win32.Build.0 = MinSizeRel|Win32
		{67B39734-0174-3B11-8702-BFE6D13FE205}.RelWithDebInfo|Win32.ActiveCfg = RelWithDebInfo|Win32
		{67B39734-0174-3B11-8702-BFE6D13FE205}.RelWithDebInfo|Win32.Build.0 = RelWithDebInfo|Win32
		{DD36051F-EFF6-32CE-B6B8-16DFCC4B78E8}.Debug|Win32.ActiveCfg = Debug|Win32
		{DD36051F-EFF6-32CE-B6B8-16DFCC4B78E8}.Debug|Win32.Build.0 = Debug|Win32
		{DD36051F-EFF6-32CE-B6B8-16DFCC4B78E8}.Release|Win32.ActiveCfg = Release|Win32
		{DD36051F-EFF6-32CE-B6B8-16DFCC4B78E8}.Release|Win32.Build.0 = Release|Win32
		{DD36051F-EFF6-32CE-B6B8-16DFCC4B78E8}.MinSizeRel|Win32.ActiveCfg = MinSizeRel|Win32
		{DD36051F-EFF6-32CE-B6B8-16DFCC4B78E8}.MinSizeRel|Win32.Build.0 = MinSizeRel|Win32
		{DD36051F-EFF6-32CE-B6B8-16DFCC4B78E8}.RelWithDebInfo|Win32.ActiveCfg = RelWithDebInfo|Win32
		{DD36051F-EFF6-32CE-B6B8-16DFCC4B78E8}.RelWithDebInfo|Win32.Build.0 = RelWithDebInfo|Win32
		{81C7F7E5-10CD-36B6-A94A-52C79419CA88}.Debug|Win32.ActiveCfg = Debug|Win32
		{81C7F7E5-10CD-36B6-A94A-52C79419CA88}.Debug|Win32.Build.0 = Debug|Win32
		{81C7F7E5-10CD-36B6-A94A-52C79419CA88}.Release|Win32.ActiveCfg = Release|Win32
		{81C7F7E5-10CD-36B6-A94A-52C79419CA88}.Release|Win32.Build.0 = Release|Win32
		{81C7F7E5-10CD-36B6-A94A-52C79419CA88}.MinSizeRel|Win32.ActiveCfg = MinSizeRel|Win32
		{81C7F7E5-10CD-36B6-A94A-52C79419CA88}.MinSizeRel|Win32.Build.0 = MinSizeRel|Win32
		{81C7F7E5-10CD-36B6-A94A-52C79419CA88}.RelWithDebInfo|Win32.ActiveCfg = RelWithDebInfo|Win32
		{81C7F7E5-10CD-36B6-A94A-52C79419CA88}.RelWithDebInfo|Win32.Build.0 = RelWithDebInfo|Win32
		{9B517080-9A81-3C27-92C1-1C44412CF061}.Debug|Win32.ActiveCfg = Debug|Win32
		{9B517080-9A81-3C27-92C1-1C44412CF061}.Debug|Win32.Build.0 = Debug|Win32
		{9B517080-9A81-3C27-92C1-1C44412CF061}.Release|Win32.ActiveCfg = Release|Win32
		{9B517080-9A81-3C27-92C1-1C44412CF061}.Release|Win32.Build.0 = Release|Win32
		{9B517080-9A81-3C27-92C1-1C44412CF061}.MinSizeRel|Win32.ActiveCfg = MinSizeRel|Win32
		{9B517080-9A81-3C27-92C1-1C44412CF061}.MinSizeRel|Win32.Build.0 = MinSizeRel|Win32
		{9B517080-9A81-3C27-92C1-1C44412CF061}.RelWithDebInfo|Win32.ActiveCfg = RelWithDebInfo|Win32
		{9B517080-9A81-3C27-92C1-1C44412CF061}.RelWithDebInfo|Win32.Build.0 = RelWithDebInfo|Win32
		{7FFF536D-ABFB-3AC3-9E9B-569440A76D92}.Debug|Win32.ActiveCfg = Debug|Win32
		{7FFF536D-ABFB-3AC3-9E9B-569440A76D92}.Debug|Win32.Build.0 = Debug|Win32
		{7FFF536D-ABFB-3AC3-9E9B-569440A76D92}.Release|Win32.ActiveCfg = Release|Win32
		{7FFF536D-ABFB-3AC3-9E9B-569440A76D92}.Release|Win32.Build.0 = Release|Win32
		{7FFF536D-ABFB-3AC3-9E9B-569440A76D92}.MinSizeRel|Win32.ActiveCfg = MinSizeRel|Win32
		{7FFF536D-ABFB-3AC3-9E9B-569440A76D92}.MinSizeRel|Win32.Build.0 = MinSizeRel|Win32
		{7FFF536D-ABFB-3AC3-9E9B-569440A76D92}.RelWithDebInfo|Win32.ActiveCfg = RelWithDebInfo|Win32
		{7FFF536D-ABFB-3AC3-9E9B-569440A76D92}.RelWithDebInfo|Win32.Build.0 = RelWithDebInfo|Win32
		{EC326FBC-ABC7-3449-84D2-07E86B0D3928}.Debug|Win32.ActiveCfg = Debug|Win32
		{EC326FBC-ABC7-3449-84D2-07E86B0D3928}.Debug|Win32.Build.0 = Debug|Win32
		{EC326FBC-ABC7-3449-84D2-07E86B0D3928}.Release|Win32.ActiveCfg = Release|Win32
		{EC326FBC-ABC7-3449-84D2-07E86B0D3928}.Release|Win32.Build.0 = Release|Win32
		{EC326FBC-ABC7-3449-84D2-07E86B0D3928}.MinSizeRel|Win32.ActiveCfg = MinSizeRel|Win32
		{EC326FBC-ABC7-3449-84D2-07E86B0D3928}.MinSizeRel|Win32.Build.0 = MinSizeRel|Win32
		{EC326FBC-ABC7-3449-84D2-07E86B0D3928}.RelWithDebInfo|Win32.ActiveCfg = RelWithDebInfo|Win32
		{EC326FBC-ABC7-3449-84D2-07E86B0D3928}.RelWithDebInfo|Win32.Build.0 = RelWithDebInfo|Win32
		{F511F94D-0DD1-3585-9ACC-29816970DB98}.Debug|Win32.ActiveCfg = Debug|Win32
		{F511F94D-0DD1-3585-9ACC-29816970DB98}.Debug|Win32.Build.0 = Debug|Win32
		{F511F94D-0DD1-3585-9ACC-29816970DB98}.Release|Win32.ActiveCfg = Release|Win32
		{F511F94D-0DD1-3585-9ACC-29816970DB98}.Release|Win32.Build.0 = Release|Win32
		{F511F94D-0DD1-3585-9ACC-29816970DB98}.MinSizeRel|Win32.ActiveCfg = MinSizeRel|Win32
		{F511F94D-0DD1-3585-9ACC-29816970DB98}.MinSizeRel|Win32.Build.0 = MinSizeRel|Win32
		{F511F94D-0DD1-3585-9ACC-29816970DB98}.RelWithDebInfo|Win32.ActiveCfg = RelWithDebInfo|Win32
		{F511F94D-0DD1-3585-9ACC-29816970DB98}.RelWithDebInfo|Win32.Build.0 = RelWithDebInfo|Win32
		{8E69A9DF-B23B-3059-BCDD-4C4868F810FD}.Debug|Win32.ActiveCfg = Debug|Win32
		{8E69A9DF-B23B-3059-BCDD-4C4868F810FD}.Debug|Win32.Build.0 = Debug|Win32
		{8E69A9DF-B23B-3059-BCDD-4C4868F810FD}.Release|Win32.ActiveCfg = Release|Win32
		{8E69A9DF-B23B-3059-BCDD-4C4868F810FD}.Release|Win32.Build.0 = Release|Win32
		{8E69A9DF-B23B-3059-BCDD-4C4868F810FD}.MinSizeRel|Win32.ActiveCfg = MinSizeRel|Win32
		{8E69A9DF-B23B-3059-BCDD-4C4868F810FD}.MinSizeRel|Win32.Build.0 = MinSizeRel|Win32
		{8E69A9DF-B23B-3059-BCDD-4C4868F810FD}.RelWithDebInfo|Win32.ActiveCfg = RelWithDebInfo|Win32
		{8E69A9DF-B23B-3059-BCDD-4C4868F810FD}.RelWithDebInfo|Win32.Build.0 = RelWithDebInfo|Win32
		{649802B7-86A1-3015-9159-9FEFDBD8A3ED}.Debug|Win32.ActiveCfg = Debug|Win32
		{649802B7-86A1-3015-9159-9FEFDBD8A3ED}.Debug|Win32.Build.0 = Debug|Win32
		{649802B7-86A1-3015-9159-9FEFDBD8A3ED}.Release|Win32.ActiveCfg = Release|Win32
		{649802B7-86A1-3015-9159-9FEFDBD8A3ED}.Release|Win32.Build.0 = Release|Win32
		{649802B7-86A1-3015-9159-9FEFDBD8A3ED}.MinSizeRel|Win32.ActiveCfg = MinSizeRel|Win32
		{649802B7-86A1-3015-9159-9FEFDBD8A3ED}.MinSizeRel|Win32.Build.0 = MinSizeRel|Win32
		{649802B7-86A1-3015-9159-9FEFDBD8A3ED}.RelWithDebInfo|Win32.ActiveCfg = RelWithDebInfo|Win32
		{649802B7-86A1-3015-9159-9FEFDBD8A3ED}.RelWithDebInfo|Win32.Build.0 = RelWithDebInfo|Win32
		{428EFE75-184A-3EFB-823E-78BE3AFF0658}.Debug|Win32.ActiveCfg = Debug|Win32
		{428EFE75-184A-3EFB-823E-78BE3AFF0658}.Debug|Win32.Build.0 = Debug|Win32
		{428EFE75-184A-3EFB-823E-78BE3AFF0658}.Release|Win32.ActiveCfg = Release|Win32
		{428EFE75-184A-3EFB-823E-78BE3AFF0658}.Release|Win32.Build.0 = Release|Win32
		{428EFE75-184A-3EFB-823E-78BE3AFF0658}.MinSizeRel|Win32.ActiveCfg = MinSizeRel|Win32
		{428EFE75-184A-3EFB-823E-78BE3AFF0658}.MinSizeRel|Win32.Build.0 = MinSizeRel|Win32
		{428EFE75-184A-3EFB-823E-78BE3AFF0658}.RelWithDebInfo|Win32.ActiveCfg = RelWithDebInfo|Win32
		{428EFE75-184A-3EFB-823E-78BE3AFF0658}.RelWithDebInfo|Win32.Build.0 = RelWithDebInfo|Win32
		{9692B5AB-F002-3D1F-B419-A183F9F3CFB9}.Debug|Win32.ActiveCfg = Debug|Win32
		{9692B5AB-F002-3D1F-B419-A183F9F3CFB9}.Debug|Win32.Build.0 = Debug|Win32
		{9692B5AB-F002-3D1F-B419-A183F9F3CFB9}.Release|Win32.ActiveCfg = Release|Win32
		{9692B5AB-F002-3D1F-B419-A183F9F3CFB9}.Release|Win32.Build.0 = Release|Win32
		{9692B5AB-F002-3D1F-B419-A183F9F3CFB9}.MinSizeRel|Win32.ActiveCfg = MinSizeRel|Win32
		{9692B5AB-F002-3D1F-B419-A183F9F3CFB9}.MinSizeRel|Win32.Build.0 = MinSizeRel|Win32
		{9692B5AB-F002-3D1F-B419-A183F9F3CFB9}.RelWithDebInfo|Win32.ActiveCfg = RelWithDebInfo|Win32
		{9692B5AB-F002-3D1F-B419-A183F9F3CFB9}.RelWithDebInfo|Win32.Build.0 = RelWithDebInfo|Win32
		{819F3389-94EA-383B-8D0A-1259F7D37696}.Debug|Win32.ActiveCfg = Debug|Win32
		{819F3389-94EA-383B-8D0A-1259F7D37696}.Debug|Win32.Build.0 = Debug|Win32
		{819F3389-94EA-383B-8D0A-1259F7D37696}.Release|Win32.ActiveCfg = Release|Win32
		{819F3389-94EA-383B-8D0A-1259F7D37696}.Release|Win32.Build.0 = Release|Win32
		{819F3389-94EA-383B-8D0A-1259F7D37696}.MinSizeRel|Win32.ActiveCfg = MinSizeRel|Win32
		{819F3389-94EA-383B-8D0A-1259F7D37696}.MinSizeRel|Win32.Build.0 = MinSizeRel|Win32
		{819F3389-94EA-383B-8D0A-1259F7D37696}.RelWithDebInfo|Win32.ActiveCfg = RelWithDebInfo|Win32
		{819F3389-94EA-383B-8D0A-1259F7D37696}.RelWithDebInfo|Win32.Build.0 = RelWithDebInfo|Win32
		{8C0EE143-D929-364C-AD98-3C3C85615A0B}.Debug|Win32.ActiveCfg = Debug|Win32
		{8C0EE143-D929-364C-AD98-3C3C85615A0B}.Debug|Win32.Build.0 = Debug|Win32
		{8C0EE143-D929-364C-AD98-3C3C85615A0B}.Release|Win32.ActiveCfg = Release|Win32
		{8C0EE143-D929-364C-AD98-3C3C85615A0B}.Release|Win32.Build.0 = Release|Win32
		{8C0EE143-D929-364C-AD98-3C3C85615A0B}.MinSizeRel|Win32.ActiveCfg = MinSizeRel|Win32
		{8C0EE143-D929-364C-AD98-3C3C85615A0B}.MinSizeRel|Win32.Build.0 = MinSizeRel|Win32
		{8C0EE143-D929-364C-AD98-3C3C85615A0B}.RelWithDebInfo|Win32.ActiveCfg = RelWithDebInfo|Win32
		{8C0EE143-D929-364C-AD98-3C3C85615A0B}.RelWithDebInfo|Win32.Build.0 = RelWithDebInfo|Win32
		{8B7E6C52-D9BF-30AB-BA3A-C7823B297FFF}.Debug|Win32.ActiveCfg = Debug|Win32
		{8B7E6C52-D9BF-30AB-BA3A-C7823B297FFF}.Debug|Win32.Build.0 = Debug|Win32
		{8B7E6C52-D9BF-30AB-BA3A-C7823B297FFF}.Release|Win32.ActiveCfg = Release|Win32
		{8B7E6C52-D9BF-30AB-BA3A-C7823B297FFF}.Release|Win32.Build.0 = Release|Win32
		{8B7E6C52-D9BF-30AB-BA3A-C7823B297FFF}.MinSizeRel|Win32.ActiveCfg = MinSizeRel|Win32
		{8B7E6C52-D9BF-30AB-BA3A-C7823B297FFF}.MinSizeRel|Win32.Build.0 = MinSizeRel|Win32
		{8B7E6C52-D9BF-30AB-BA3A-C7823B297FFF}.RelWithDebInfo|Win32.ActiveCfg = RelWithDebInfo|Win32
		{8B7E6C52-D9BF-30AB-BA3A-C7823B297FFF}.RelWithDebInfo|Win32.Build.0 = RelWithDebInfo|Win32
		{28A35E9A-48B2-3AFB-9EDD-808557779301}.Debug|Win32.ActiveCfg = Debug|Win32
		{28A35E9A-48B2-3AFB-9EDD-808557779301}.Debug|Win32.Build.0 = Debug|Win32
		{28A35E9A-48B2-3AFB-9EDD-808557779301}.Release|Win32.ActiveCfg = Release|Win32
		{28A35E9A-48B2-3AFB-9EDD-808557779301}.Release|Win32.Build.0 = Release|Win32
		{28A35E9A-48B2-3AFB-9EDD-808557779301}.MinSizeRel|Win32.ActiveCfg = MinSizeRel|Win32
		{28A35E9A-48B2-3AFB-9EDD-808557779301}.MinSizeRel|Win32.Build.0 = MinSizeRel|Win32
		{28A35E9A-48B2-3AFB-9EDD-808557779301}.RelWithDebInfo|Win32.ActiveCfg = RelWithDebInfo|Win32
		{28A35E9A-48B2-3AFB-9EDD-808557779301}.RelWithDebInfo|Win32.Build.0 = RelWithDebInfo|Win32
		{DF0B9ED5-88DB-30B6-809C-061EE142BEDC}.Debug|Win32.ActiveCfg = Debug|Win32
		{DF0B9ED5-88DB-30B6-809C-061EE142BEDC}.Debug|Win32.Build.0 = Debug|Win32
		{DF0B9ED5-88DB-30B6-809C-061EE142BEDC}.Release|Win32.ActiveCfg = Release|Win32
		{DF0B9ED5-88DB-30B6-809C-061EE142BEDC}.Release|Win32.Build.0 = Release|Win32
		{DF0B9ED5-88DB-30B6-809C-061EE142BEDC}.MinSizeRel|Win32.ActiveCfg = MinSizeRel|Win32
		{DF0B9ED5-88DB-30B6-809C-061EE142BEDC}.MinSizeRel|Win32.Build.0 = MinSizeRel|Win32
		{DF0B9ED5-88DB-30B6-809C-061EE142BEDC}.RelWithDebInfo|Win32.ActiveCfg = RelWithDebInfo|Win32
		{DF0B9ED5-88DB-30B6-809C-061EE142BEDC}.RelWithDebInfo|Win32.Build.0 = RelWithDebInfo|Win32
		{995FDD49-ACCA-3753-A334-EEB26D391937}.Debug|Win32.ActiveCfg = Debug|Win32
		{995FDD49-ACCA-3753-A334-EEB26D391937}.Debug|Win32.Build.0 = Debug|Win32
		{995FDD49-ACCA-3753-A334-EEB26D391937}.Release|Win32.ActiveCfg = Release|Win32
		{995FDD49-ACCA-3753-A334-EEB26D391937}.Release|Win32.Build.0 = Release|Win32
		{995FDD49-ACCA-3753-A334-EEB26D391937}.MinSizeRel|Win32.ActiveCfg = MinSizeRel|Win32
		{995FDD49-ACCA-3753-A334-EEB26D391937}.MinSizeRel|Win32.Build.0 = MinSizeRel|Win32
		{995FDD49-ACCA-3753-A334-EEB26D391937}.RelWithDebInfo|Win32.ActiveCfg = RelWithDebInfo|Win32
		{995FDD49-ACCA-3753-A334-EEB26D391937}.RelWithDebInfo|Win32.Build.0 = RelWithDebInfo|Win32
		{6D83ECA7-D663-3259-BA1E-5FE722BC1C1B}.Debug|Win32.ActiveCfg = Debug|Win32
		{6D83ECA7-D663-3259-BA1E-5FE722BC1C1B}.Debug|Win32.Build.0 = Debug|Win32
		{6D83ECA7-D663-3259-BA1E-5FE722BC1C1B}.Release|Win32.ActiveCfg = Release|Win32
		{6D83ECA7-D663-3259-BA1E-5FE722BC1C1B}.Release|Win32.Build.0 = Release|Win32
		{6D83ECA7-D663-3259-BA1E-5FE722BC1C1B}.MinSizeRel|Win32.ActiveCfg = MinSizeRel|Win32
		{6D83ECA7-D663-3259-BA1E-5FE722BC1C1B}.MinSizeRel|Win32.Build.0 = MinSizeRel|Win32
		{6D83ECA7-D663-3259-BA1E-5FE722BC1C1B}.RelWithDebInfo|Win32.ActiveCfg = RelWithDebInfo|Win32
		{6D83ECA7-D663-3259-BA1E-5FE722BC1C1B}.RelWithDebInfo|Win32.Build.0 = RelWithDebInfo|Win32
		{837E285A-09F2-3B88-969C-D4993C98D3E4}.Debug|Win32.ActiveCfg = Debug|Win32
		{837E285A-09F2-3B88-969C-D4993C98D3E4}.Debug|Win32.Build.0 = Debug|Win32
		{837E285A-09F2-3B88-969C-D4993C98D3E4}.Release|Win32.ActiveCfg = Release|Win32
		{837E285A-09F2-3B88-969C-D4993C98D3E4}.Release|Win32.Build.0 = Release|Win32
		{837E285A-09F2-3B88-969C-D4993C98D3E4}.MinSizeRel|Win32.ActiveCfg = MinSizeRel|Win32
		{837E285A-09F2-3B88-969C-D4993C98D3E4}.MinSizeRel|Win32.Build.0 = MinSizeRel|Win32
		{837E285A-09F2-3B88-969C-D4993C98D3E4}.RelWithDebInfo|Win32.ActiveCfg = RelWithDebInfo|Win32
		{837E285A-09F2-3B88-969C-D4993C98D3E4}.RelWithDebInfo|Win32.Build.0 = RelWithDebInfo|Win32
		{51EF0AD3-EAD2-3DDC-AAD9-840227D74271}.Debug|Win32.ActiveCfg = Debug|Win32
		{51EF0AD3-EAD2-3DDC-AAD9-840227D74271}.Debug|Win32.Build.0 = Debug|Win32
		{51EF0AD3-EAD2-3DDC-AAD9-840227D74271}.Release|Win32.ActiveCfg = Release|Win32
		{51EF0AD3-EAD2-3DDC-AAD9-840227D74271}.Release|Win32.Build.0 = Release|Win32
		{51EF0AD3-EAD2-3DDC-AAD9-840227D74271}.MinSizeRel|Win32.ActiveCfg = MinSizeRel|Win32
		{51EF0AD3-EAD2-3DDC-AAD9-840227D74271}.MinSizeRel|Win32.Build.0 = MinSizeRel|Win32
		{51EF0AD3-EAD2-3DDC-AAD9-840227D74271}.RelWithDebInfo|Win32.ActiveCfg = RelWithDebInfo|Win32
		{51EF0AD3-EAD2-3DDC-AAD9-840227D74271}.RelWithDebInfo|Win32.Build.0 = RelWithDebInfo|Win32
		{7670F116-0825-38EA-8081-1BE55F7117AC}.Debug|Win32.ActiveCfg = Debug|Win32
		{7670F116-0825-38EA-8081-1BE55F7117AC}.Debug|Win32.Build.0 = Debug|Win32
		{7670F116-0825-38EA-8081-1BE55F7117AC}.Release|Win32.ActiveCfg = Release|Win32
		{7670F116-0825-38EA-8081-1BE55F7117AC}.Release|Win32.Build.0 = Release|Win32
		{7670F116-0825-38EA-8081-1BE55F7117AC}.MinSizeRel|Win32.ActiveCfg = MinSizeRel|Win32
		{7670F116-0825-38EA-8081-1BE55F7117AC}.MinSizeRel|Win32.Build.0 = MinSizeRel|Win32
		{7670F116-0825-38EA-8081-1BE55F7117AC}.RelWithDebInfo|Win32.ActiveCfg = RelWithDebInfo|Win32
		{7670F116-0825-38EA-8081-1BE55F7117AC}.RelWithDebInfo|Win32.Build.0 = RelWithDebInfo|Win32
	EndGlobalSection
	GlobalSection(ExtensibilityGlobals) = postSolution
		SolutionGuid = {77E6A334-9991-3018-B6AD-B6EAD4676043}
	EndGlobalSection
	GlobalSection(ExtensibilityAddIns) = postSolution
	EndGlobalSection
EndGlobal
