<?xml version="1.0" encoding="utf-8"?>
<Project ToolsVersion="12.0" xmlns="http://schemas.microsoft.com/developer/msbuild/2003">
  <ItemGroup>
    <ClCompile Include="D:\biancheng\obs\obs\Test\obs-vs\UI\frontend-plugins\frontend-tools\frontend-tools_autogen\mocs_compilation.cpp">
      <Filter>Source Files</Filter>
    </ClCompile>
    <ClCompile Include="D:\biancheng\obs\obs\Test\obs-studio\UI\frontend-plugins\frontend-tools\auto-scene-switcher.cpp">
      <Filter>Source Files</Filter>
    </ClCompile>
    <ClCompile Include="D:\biancheng\obs\obs\Test\obs-studio\UI\frontend-plugins\frontend-tools\frontend-tools.c">
      <Filter>Source Files</Filter>
    </ClCompile>
    <ClCompile Include="D:\biancheng\obs\obs\Test\obs-studio\UI\frontend-plugins\frontend-tools\output-timer.cpp">
      <Filter>Source Files</Filter>
    </ClCompile>
    <ClCompile Include="D:\biancheng\obs\obs\Test\obs-studio\UI\frontend-plugins\frontend-tools\auto-scene-switcher-win.cpp">
      <Filter>Source Files</Filter>
    </ClCompile>
  </ItemGroup>
  <ItemGroup>
    <ClInclude Include="D:\biancheng\obs\obs\Test\obs-vs\config\frontend-tools-config.h">
      <Filter>Header Files</Filter>
    </ClInclude>
    <ClInclude Include="D:\biancheng\obs\obs\Test\obs-studio\UI\frontend-plugins\frontend-tools\auto-scene-switcher.hpp">
      <Filter>Header Files</Filter>
    </ClInclude>
    <ClInclude Include="D:\biancheng\obs\obs\Test\obs-studio\UI\frontend-plugins\frontend-tools\output-timer.hpp">
      <Filter>Header Files</Filter>
    </ClInclude>
    <ClInclude Include="D:\biancheng\obs\obs\Test\obs-studio\UI\frontend-plugins\frontend-tools\tool-helpers.hpp">
      <Filter>Header Files</Filter>
    </ClInclude>
    <ClInclude Include="D:\biancheng\obs\obs\Test\obs-vs\UI\frontend-plugins\frontend-tools\ui_auto-scene-switcher.h">
      <Filter>Header Files</Filter>
    </ClInclude>
    <ClInclude Include="D:\biancheng\obs\obs\Test\obs-vs\UI\frontend-plugins\frontend-tools\ui_output-timer.h">
      <Filter>Header Files</Filter>
    </ClInclude>
  </ItemGroup>
  <ItemGroup>
    <CustomBuild Include="D:\biancheng\obs\obs\Test\obs-studio\UI\frontend-plugins\frontend-tools\forms\auto-scene-switcher.ui" />
    <CustomBuild Include="D:\biancheng\obs\obs\Test\obs-studio\UI\frontend-plugins\frontend-tools\forms\output-timer.ui" />
    <CustomBuild Include="D:\biancheng\obs\obs\Test\obs-studio\UI\frontend-plugins\frontend-tools\CMakeLists.txt" />
  </ItemGroup>
  <ItemGroup>
    <Filter Include="Header Files">
      <UniqueIdentifier>{21275A98-8160-3922-BBFE-2BABA4CA4E5E}</UniqueIdentifier>
    </Filter>
    <Filter Include="Source Files">
      <UniqueIdentifier>{7F86491C-7D1A-3491-A52C-88CF30CD01BE}</UniqueIdentifier>
    </Filter>
  </ItemGroup>
</Project>
