<?xml version="1.0" encoding="utf-8"?>
<Project ToolsVersion="12.0" xmlns="http://schemas.microsoft.com/developer/msbuild/2003">
  <ItemGroup>
    <ClCompile Include="D:\biancheng\obs\obs\Test\obs-studio\plugins\win-mf\mf-plugin.cpp">
      <Filter>Source Files</Filter>
    </ClCompile>
    <ClCompile Include="D:\biancheng\obs\obs\Test\obs-studio\plugins\win-mf\mf-aac.cpp">
      <Filter>Source Files</Filter>
    </ClCompile>
    <ClCompile Include="D:\biancheng\obs\obs\Test\obs-studio\plugins\win-mf\mf-aac-encoder.cpp">
      <Filter>Source Files</Filter>
    </ClCompile>
    <ClCompile Include="D:\biancheng\obs\obs\Test\obs-studio\plugins\win-mf\mf-common.cpp">
      <Filter>Source Files</Filter>
    </ClCompile>
    <ClCompile Include="D:\biancheng\obs\obs\Test\obs-studio\plugins\win-mf\mf-encoder-descriptor.cpp">
      <Filter>Source Files</Filter>
    </ClCompile>
    <ClCompile Include="D:\biancheng\obs\obs\Test\obs-studio\plugins\win-mf\mf-h264.cpp">
      <Filter>Source Files</Filter>
    </ClCompile>
    <ClCompile Include="D:\biancheng\obs\obs\Test\obs-studio\plugins\win-mf\mf-h264-encoder.cpp">
      <Filter>Source Files</Filter>
    </ClCompile>
  </ItemGroup>
  <ItemGroup>
    <ClInclude Include="D:\biancheng\obs\obs\Test\obs-studio\plugins\win-mf\mf-common.hpp">
      <Filter>Header Files</Filter>
    </ClInclude>
    <ClInclude Include="D:\biancheng\obs\obs\Test\obs-studio\plugins\win-mf\mf-encoder-descriptor.hpp">
      <Filter>Header Files</Filter>
    </ClInclude>
    <ClInclude Include="D:\biancheng\obs\obs\Test\obs-studio\plugins\win-mf\mf-aac-encoder.hpp">
      <Filter>Header Files</Filter>
    </ClInclude>
    <ClInclude Include="D:\biancheng\obs\obs\Test\obs-studio\plugins\win-mf\mf-h264-encoder.hpp">
      <Filter>Header Files</Filter>
    </ClInclude>
  </ItemGroup>
  <ItemGroup>
    <CustomBuild Include="D:\biancheng\obs\obs\Test\obs-studio\plugins\win-mf\CMakeLists.txt" />
  </ItemGroup>
  <ItemGroup>
    <Filter Include="Header Files">
      <UniqueIdentifier>{21275A98-8160-3922-BBFE-2BABA4CA4E5E}</UniqueIdentifier>
    </Filter>
    <Filter Include="Source Files">
      <UniqueIdentifier>{7F86491C-7D1A-3491-A52C-88CF30CD01BE}</UniqueIdentifier>
    </Filter>
  </ItemGroup>
</Project>
